// !$*UTF8*$!
{
	archiveVersion = 1;
	classes = {
	};
	objectVersion = 46;
	objects = {

/* Begin PBXBuildFile section */
		DE74C88B1E0D3CD9004F3AB3 /* main.m in Sources */ = {isa = PBXBuildFile; fileRef = DE74C88A1E0D3CD9004F3AB3 /* main.m */; };
		DE74C88E1E0D3CD9004F3AB3 /* AppDelegate.m in Sources */ = {isa = PBXBuildFile; fileRef = DE74C88D1E0D3CD9004F3AB3 /* AppDelegate.m */; };
		DE74C8911E0D3CD9004F3AB3 /* ViewController.m in Sources */ = {isa = PBXBuildFile; fileRef = DE74C8901E0D3CD9004F3AB3 /* ViewController.m */; };
		DE74C8941E0D3CD9004F3AB3 /* Main.storyboard in Resources */ = {isa = PBXBuildFile; fileRef = DE74C8921E0D3CD9004F3AB3 /* Main.storyboard */; };
		DE74C8961E0D3CD9004F3AB3 /* Assets.xcassets in Resources */ = {isa = PBXBuildFile; fileRef = DE74C8951E0D3CD9004F3AB3 /* Assets.xcassets */; };
		DE74C8991E0D3CD9004F3AB3 /* LaunchScreen.storyboard in Resources */ = {isa = PBXBuildFile; fileRef = DE74C8971E0D3CD9004F3AB3 /* LaunchScreen.storyboard */; };
		DE92D4AC20D2346400D1517F /* YCLineUtils.m in Sources */ = {isa = PBXBuildFile; fileRef = DE92D49920D2346400D1517F /* YCLineUtils.m */; };
		DE92D4AD20D2346400D1517F /* YCPhoneUtils.m in Sources */ = {isa = PBXBuildFile; fileRef = DE92D49A20D2346400D1517F /* YCPhoneUtils.m */; };
		DE92D4AE20D2346400D1517F /* YCFrameUtil.m in Sources */ = {isa = PBXBuildFile; fileRef = DE92D49B20D2346400D1517F /* YCFrameUtil.m */; };
		DE92D4AF20D2346400D1517F /* YCImageTitleButton.m in Sources */ = {isa = PBXBuildFile; fileRef = DE92D49C20D2346400D1517F /* YCImageTitleButton.m */; };
		DE92D4B020D2346400D1517F /* YCTopLeftLabel.m in Sources */ = {isa = PBXBuildFile; fileRef = DE92D49D20D2346400D1517F /* YCTopLeftLabel.m */; };
		DE92D4B120D2346400D1517F /* YCColorUtils.m in Sources */ = {isa = PBXBuildFile; fileRef = DE92D49E20D2346400D1517F /* YCColorUtils.m */; };
		DE92D4B220D2346400D1517F /* YCTimeUtils.m in Sources */ = {isa = PBXBuildFile; fileRef = DE92D4A020D2346400D1517F /* YCTimeUtils.m */; };
		DE92D4B320D2346400D1517F /* NSString+AESCrypt.m in Sources */ = {isa = PBXBuildFile; fileRef = DE92D4A120D2346400D1517F /* NSString+AESCrypt.m */; };
		DE92D4B420D2346400D1517F /* NSData+AESCrypt.m in Sources */ = {isa = PBXBuildFile; fileRef = DE92D4A220D2346400D1517F /* NSData+AESCrypt.m */; };
		DE92D4B520D2346400D1517F /* YCStringUtils.m in Sources */ = {isa = PBXBuildFile; fileRef = DE92D4A920D2346400D1517F /* YCStringUtils.m */; };
/* End PBXBuildFile section */

/* Begin PBXFileReference section */
		DE74C8861E0D3CD9004F3AB3 /* YCUtils.app */ = {isa = PBXFileReference; explicitFileType = wrapper.application; includeInIndex = 0; path = YCUtils.app; sourceTree = BUILT_PRODUCTS_DIR; };
		DE74C88A1E0D3CD9004F3AB3 /* main.m */ = {isa = PBXFileReference; lastKnownFileType = sourcecode.c.objc; path = main.m; sourceTree = "<group>"; };
		DE74C88C1E0D3CD9004F3AB3 /* AppDelegate.h */ = {isa = PBXFileReference; lastKnownFileType = sourcecode.c.h; path = AppDelegate.h; sourceTree = "<group>"; };
		DE74C88D1E0D3CD9004F3AB3 /* AppDelegate.m */ = {isa = PBXFileReference; lastKnownFileType = sourcecode.c.objc; path = AppDelegate.m; sourceTree = "<group>"; };
		DE74C88F1E0D3CD9004F3AB3 /* ViewController.h */ = {isa = PBXFileReference; lastKnownFileType = sourcecode.c.h; path = ViewController.h; sourceTree = "<group>"; };
		DE74C8901E0D3CD9004F3AB3 /* ViewController.m */ = {isa = PBXFileReference; lastKnownFileType = sourcecode.c.objc; path = ViewController.m; sourceTree = "<group>"; };
		DE74C8931E0D3CD9004F3AB3 /* Base */ = {isa = PBXFileReference; lastKnownFileType = file.storyboard; name = Base; path = Base.lproj/Main.storyboard; sourceTree = "<group>"; };
		DE74C8951E0D3CD9004F3AB3 /* Assets.xcassets */ = {isa = PBXFileReference; lastKnownFileType = folder.assetcatalog; path = Assets.xcassets; sourceTree = "<group>"; };
		DE74C8981E0D3CD9004F3AB3 /* Base */ = {isa = PBXFileReference; lastKnownFileType = file.storyboard; name = Base; path = Base.lproj/LaunchScreen.storyboard; sourceTree = "<group>"; };
		DE74C89A1E0D3CD9004F3AB3 /* Info.plist */ = {isa = PBXFileReference; lastKnownFileType = text.plist.xml; path = Info.plist; sourceTree = "<group>"; };
		DE74C8A31E0D3CD9004F3AB3 /* YCUtilsTests.m */ = {isa = PBXFileReference; lastKnownFileType = sourcecode.c.objc; path = YCUtilsTests.m; sourceTree = "<group>"; };
		DE74C8A51E0D3CD9004F3AB3 /* Info.plist */ = {isa = PBXFileReference; lastKnownFileType = text.plist.xml; path = Info.plist; sourceTree = "<group>"; };
		DE74C8AE1E0D3CDA004F3AB3 /* YCUtilsUITests.m */ = {isa = PBXFileReference; lastKnownFileType = sourcecode.c.objc; path = YCUtilsUITests.m; sourceTree = "<group>"; };
		DE74C8B01E0D3CDA004F3AB3 /* Info.plist */ = {isa = PBXFileReference; lastKnownFileType = text.plist.xml; path = Info.plist; sourceTree = "<group>"; };
		DE92D49720D2346400D1517F /* NSData+AESCrypt.h */ = {isa = PBXFileReference; fileEncoding = 4; lastKnownFileType = sourcecode.c.h; path = "NSData+AESCrypt.h"; sourceTree = "<group>"; };
		DE92D49820D2346400D1517F /* NSString+AESCrypt.h */ = {isa = PBXFileReference; fileEncoding = 4; lastKnownFileType = sourcecode.c.h; path = "NSString+AESCrypt.h"; sourceTree = "<group>"; };
		DE92D49920D2346400D1517F /* YCLineUtils.m */ = {isa = PBXFileReference; fileEncoding = 4; lastKnownFileType = sourcecode.c.objc; path = YCLineUtils.m; sourceTree = "<group>"; };
		DE92D49A20D2346400D1517F /* YCPhoneUtils.m */ = {isa = PBXFileReference; fileEncoding = 4; lastKnownFileType = sourcecode.c.objc; path = YCPhoneUtils.m; sourceTree = "<group>"; };
		DE92D49B20D2346400D1517F /* YCFrameUtil.m */ = {isa = PBXFileReference; fileEncoding = 4; lastKnownFileType = sourcecode.c.objc; path = YCFrameUtil.m; sourceTree = "<group>"; };
		DE92D49C20D2346400D1517F /* YCImageTitleButton.m */ = {isa = PBXFileReference; fileEncoding = 4; lastKnownFileType = sourcecode.c.objc; path = YCImageTitleButton.m; sourceTree = "<group>"; };
		DE92D49D20D2346400D1517F /* YCTopLeftLabel.m */ = {isa = PBXFileReference; fileEncoding = 4; lastKnownFileType = sourcecode.c.objc; path = YCTopLeftLabel.m; sourceTree = "<group>"; };
		DE92D49E20D2346400D1517F /* YCColorUtils.m */ = {isa = PBXFileReference; fileEncoding = 4; lastKnownFileType = sourcecode.c.objc; path = YCColorUtils.m; sourceTree = "<group>"; };
		DE92D49F20D2346400D1517F /* YCStringUtils.h */ = {isa = PBXFileReference; fileEncoding = 4; lastKnownFileType = sourcecode.c.h; path = YCStringUtils.h; sourceTree = "<group>"; };
		DE92D4A020D2346400D1517F /* YCTimeUtils.m */ = {isa = PBXFileReference; fileEncoding = 4; lastKnownFileType = sourcecode.c.objc; path = YCTimeUtils.m; sourceTree = "<group>"; };
		DE92D4A120D2346400D1517F /* NSString+AESCrypt.m */ = {isa = PBXFileReference; fileEncoding = 4; lastKnownFileType = sourcecode.c.objc; path = "NSString+AESCrypt.m"; sourceTree = "<group>"; };
		DE92D4A220D2346400D1517F /* NSData+AESCrypt.m */ = {isa = PBXFileReference; fileEncoding = 4; lastKnownFileType = sourcecode.c.objc; path = "NSData+AESCrypt.m"; sourceTree = "<group>"; };
		DE92D4A320D2346400D1517F /* YCPhoneUtils.h */ = {isa = PBXFileReference; fileEncoding = 4; lastKnownFileType = sourcecode.c.h; path = YCPhoneUtils.h; sourceTree = "<group>"; };
		DE92D4A420D2346400D1517F /* YCLineUtils.h */ = {isa = PBXFileReference; fileEncoding = 4; lastKnownFileType = sourcecode.c.h; path = YCLineUtils.h; sourceTree = "<group>"; };
		DE92D4A520D2346400D1517F /* YCImageTitleButton.h */ = {isa = PBXFileReference; fileEncoding = 4; lastKnownFileType = sourcecode.c.h; path = YCImageTitleButton.h; sourceTree = "<group>"; };
		DE92D4A620D2346400D1517F /* YCUtils.h */ = {isa = PBXFileReference; fileEncoding = 4; lastKnownFileType = sourcecode.c.h; path = YCUtils.h; sourceTree = "<group>"; };
		DE92D4A720D2346400D1517F /* YCFrameUtil.h */ = {isa = PBXFileReference; fileEncoding = 4; lastKnownFileType = sourcecode.c.h; path = YCFrameUtil.h; sourceTree = "<group>"; };
		DE92D4A820D2346400D1517F /* YCTimeUtils.h */ = {isa = PBXFileReference; fileEncoding = 4; lastKnownFileType = sourcecode.c.h; path = YCTimeUtils.h; sourceTree = "<group>"; };
		DE92D4A920D2346400D1517F /* YCStringUtils.m */ = {isa = PBXFileReference; fileEncoding = 4; lastKnownFileType = sourcecode.c.objc; path = YCStringUtils.m; sourceTree = "<group>"; };
		DE92D4AA20D2346400D1517F /* YCColorUtils.h */ = {isa = PBXFileReference; fileEncoding = 4; lastKnownFileType = sourcecode.c.h; path = YCColorUtils.h; sourceTree = "<group>"; };
		DE92D4AB20D2346400D1517F /* YCTopLeftLabel.h */ = {isa = PBXFileReference; fileEncoding = 4; lastKnownFileType = sourcecode.c.h; path = YCTopLeftLabel.h; sourceTree = "<group>"; };
/* End PBXFileReference section */

/* Begin PBXFrameworksBuildPhase section */
		DE74C8831E0D3CD9004F3AB3 /* Frameworks */ = {
			isa = PBXFrameworksBuildPhase;
			buildActionMask = 2147483647;
			files = (
			);
			runOnlyForDeploymentPostprocessing = 0;
		};
/* End PBXFrameworksBuildPhase section */

/* Begin PBXGroup section */
		DE74C87D1E0D3CD9004F3AB3 = {
			isa = PBXGroup;
			children = (
				DE74C8881E0D3CD9004F3AB3 /* YCUtils */,
				DE74C8A21E0D3CD9004F3AB3 /* YCUtilsTests */,
				DE74C8AD1E0D3CDA004F3AB3 /* YCUtilsUITests */,
				DE74C8871E0D3CD9004F3AB3 /* Products */,
			);
			sourceTree = "<group>";
		};
		DE74C8871E0D3CD9004F3AB3 /* Products */ = {
			isa = PBXGroup;
			children = (
				DE74C8861E0D3CD9004F3AB3 /* YCUtils.app */,
			);
			name = Products;
			sourceTree = "<group>";
		};
		DE74C8881E0D3CD9004F3AB3 /* YCUtils */ = {
			isa = PBXGroup;
			children = (
				DE92D49620D2346400D1517F /* YCUtilsLibray */,
				DE74C88C1E0D3CD9004F3AB3 /* AppDelegate.h */,
				DE74C88D1E0D3CD9004F3AB3 /* AppDelegate.m */,
				DE74C88F1E0D3CD9004F3AB3 /* ViewController.h */,
				DE74C8901E0D3CD9004F3AB3 /* ViewController.m */,
				DE74C8921E0D3CD9004F3AB3 /* Main.storyboard */,
				DE74C8951E0D3CD9004F3AB3 /* Assets.xcassets */,
				DE74C8971E0D3CD9004F3AB3 /* LaunchScreen.storyboard */,
				DE74C89A1E0D3CD9004F3AB3 /* Info.plist */,
				DE74C8891E0D3CD9004F3AB3 /* Supporting Files */,
			);
			path = YCUtils;
			sourceTree = "<group>";
		};
		DE74C8891E0D3CD9004F3AB3 /* Supporting Files */ = {
			isa = PBXGroup;
			children = (
				DE74C88A1E0D3CD9004F3AB3 /* main.m */,
			);
			name = "Supporting Files";
			sourceTree = "<group>";
		};
		DE74C8A21E0D3CD9004F3AB3 /* YCUtilsTests */ = {
			isa = PBXGroup;
			children = (
				DE74C8A31E0D3CD9004F3AB3 /* YCUtilsTests.m */,
				DE74C8A51E0D3CD9004F3AB3 /* Info.plist */,
			);
			path = YCUtilsTests;
			sourceTree = "<group>";
		};
		DE74C8AD1E0D3CDA004F3AB3 /* YCUtilsUITests */ = {
			isa = PBXGroup;
			children = (
				DE74C8AE1E0D3CDA004F3AB3 /* YCUtilsUITests.m */,
				DE74C8B01E0D3CDA004F3AB3 /* Info.plist */,
			);
			path = YCUtilsUITests;
			sourceTree = "<group>";
		};
		DE92D49620D2346400D1517F /* YCUtilsLibray */ = {
			isa = PBXGroup;
			children = (
				DE92D49720D2346400D1517F /* NSData+AESCrypt.h */,
				DE92D4A220D2346400D1517F /* NSData+AESCrypt.m */,
				DE92D49820D2346400D1517F /* NSString+AESCrypt.h */,
				DE92D4A120D2346400D1517F /* NSString+AESCrypt.m */,
				DE92D4AA20D2346400D1517F /* YCColorUtils.h */,
				DE92D49E20D2346400D1517F /* YCColorUtils.m */,
				DE92D4A720D2346400D1517F /* YCFrameUtil.h */,
				DE92D49B20D2346400D1517F /* YCFrameUtil.m */,
				DE92D4A520D2346400D1517F /* YCImageTitleButton.h */,
				DE92D49C20D2346400D1517F /* YCImageTitleButton.m */,
				DE92D4A420D2346400D1517F /* YCLineUtils.h */,
				DE92D49920D2346400D1517F /* YCLineUtils.m */,
				DE92D4A320D2346400D1517F /* YCPhoneUtils.h */,
				DE92D49A20D2346400D1517F /* YCPhoneUtils.m */,
				DE92D49F20D2346400D1517F /* YCStringUtils.h */,
				DE92D4A920D2346400D1517F /* YCStringUtils.m */,
				DE92D4A820D2346400D1517F /* YCTimeUtils.h */,
				DE92D4A020D2346400D1517F /* YCTimeUtils.m */,
				DE92D4AB20D2346400D1517F /* YCTopLeftLabel.h */,
				DE92D49D20D2346400D1517F /* YCTopLeftLabel.m */,
				DE92D4A620D2346400D1517F /* YCUtils.h */,
			);
			path = YCUtilsLibray;
			sourceTree = "<group>";
		};
/* End PBXGroup section */

/* Begin PBXNativeTarget section */
		DE74C8851E0D3CD9004F3AB3 /* YCUtils */ = {
			isa = PBXNativeTarget;
			buildConfigurationList = DE74C8B31E0D3CDA004F3AB3 /* Build configuration list for PBXNativeTarget "YCUtils" */;
			buildPhases = (
				DE74C8821E0D3CD9004F3AB3 /* Sources */,
				DE74C8831E0D3CD9004F3AB3 /* Frameworks */,
				DE74C8841E0D3CD9004F3AB3 /* Resources */,
			);
			buildRules = (
			);
			dependencies = (
			);
			name = YCUtils;
			productName = YCUtils;
			productReference = DE74C8861E0D3CD9004F3AB3 /* YCUtils.app */;
			productType = "com.apple.product-type.application";
		};
/* End PBXNativeTarget section */

/* Begin PBXProject section */
		DE74C87E1E0D3CD9004F3AB3 /* Project object */ = {
			isa = PBXProject;
			attributes = {
				LastUpgradeCheck = 0820;
				ORGANIZATIONNAME = yc;
				TargetAttributes = {
					DE74C8851E0D3CD9004F3AB3 = {
						CreatedOnToolsVersion = 8.2;
						DevelopmentTeam = 2S362SNNP3;
						ProvisioningStyle = Automatic;
					};
				};
			};
			buildConfigurationList = DE74C8811E0D3CD9004F3AB3 /* Build configuration list for PBXProject "YCUtils" */;
			compatibilityVersion = "Xcode 3.2";
			developmentRegion = English;
			hasScannedForEncodings = 0;
			knownRegions = (
				en,
				Base,
			);
			mainGroup = DE74C87D1E0D3CD9004F3AB3;
			productRefGroup = DE74C8871E0D3CD9004F3AB3 /* Products */;
			projectDirPath = "";
			projectRoot = "";
			targets = (
				DE74C8851E0D3CD9004F3AB3 /* YCUtils */,
			);
		};
/* End PBXProject section */

/* Begin PBXResourcesBuildPhase section */
		DE74C8841E0D3CD9004F3AB3 /* Resources */ = {
			isa = PBXResourcesBuildPhase;
			buildActionMask = 2147483647;
			files = (
				DE74C8991E0D3CD9004F3AB3 /* LaunchScreen.storyboard in Resources */,
				DE74C8961E0D3CD9004F3AB3 /* Assets.xcassets in Resources */,
				DE74C8941E0D3CD9004F3AB3 /* Main.storyboard in Resources */,
			);
			runOnlyForDeploymentPostprocessing = 0;
		};
/* End PBXResourcesBuildPhase section */

/* Begin PBXSourcesBuildPhase section */
		DE74C8821E0D3CD9004F3AB3 /* Sources */ = {
			isa = PBXSourcesBuildPhase;
			buildActionMask = 2147483647;
			files = (
				DE74C8911E0D3CD9004F3AB3 /* ViewController.m in Sources */,
				DE92D4B420D2346400D1517F /* NSData+AESCrypt.m in Sources */,
				DE92D4AD20D2346400D1517F /* YCPhoneUtils.m in Sources */,
				DE92D4AC20D2346400D1517F /* YCLineUtils.m in Sources */,
				DE74C88E1E0D3CD9004F3AB3 /* AppDelegate.m in Sources */,
				DE92D4B520D2346400D1517F /* YCStringUtils.m in Sources */,
				DE92D4B120D2346400D1517F /* YCColorUtils.m in Sources */,
				DE92D4AF20D2346400D1517F /* YCImageTitleButton.m in Sources */,
				DE92D4B220D2346400D1517F /* YCTimeUtils.m in Sources */,
				DE92D4B020D2346400D1517F /* YCTopLeftLabel.m in Sources */,
				DE74C88B1E0D3CD9004F3AB3 /* main.m in Sources */,
				DE92D4AE20D2346400D1517F /* YCFrameUtil.m in Sources */,
				DE92D4B320D2346400D1517F /* NSString+AESCrypt.m in Sources */,
			);
			runOnlyForDeploymentPostprocessing = 0;
		};
/* End PBXSourcesBuildPhase section */

/* Begin PBXVariantGroup section */
		DE74C8921E0D3CD9004F3AB3 /* Main.storyboard */ = {
			isa = PBXVariantGroup;
			children = (
				DE74C8931E0D3CD9004F3AB3 /* Base */,
			);
			name = Main.storyboard;
			sourceTree = "<group>";
		};
		DE74C8971E0D3CD9004F3AB3 /* LaunchScreen.storyboard */ = {
			isa = PBXVariantGroup;
			children = (
				DE74C8981E0D3CD9004F3AB3 /* Base */,
			);
			name = LaunchScreen.storyboard;
			sourceTree = "<group>";
		};
/* End PBXVariantGroup section */

/* Begin XCBuildConfiguration section */
		DE74C8B11E0D3CDA004F3AB3 /* Debug */ = {
			isa = XCBuildConfiguration;
			buildSettings = {
				ALWAYS_SEARCH_USER_PATHS = NO;
				CLANG_ANALYZER_NONNULL = YES;
				CLANG_CXX_LANGUAGE_STANDARD = "gnu++0x";
				CLANG_CXX_LIBRARY = "libc++";
				CLANG_ENABLE_MODULES = YES;
				CLANG_ENABLE_OBJC_ARC = YES;
				CLANG_WARN_BOOL_CONVERSION = YES;
				CLANG_WARN_CONSTANT_CONVERSION = YES;
				CLANG_WARN_DIRECT_OBJC_ISA_USAGE = YES_ERROR;
				CLANG_WARN_DOCUMENTATION_COMMENTS = YES;
				CLANG_WARN_EMPTY_BODY = YES;
				CLANG_WARN_ENUM_CONVERSION = YES;
				CLANG_WARN_INFINITE_RECURSION = YES;
				CLANG_WARN_INT_CONVERSION = YES;
				CLANG_WARN_OBJC_ROOT_CLASS = YES_ERROR;
				CLANG_WARN_SUSPICIOUS_MOVE = YES;
				CLANG_WARN_UNREACHABLE_CODE = YES;
				CLANG_WARN__DUPLICATE_METHOD_MATCH = YES;
				"CODE_SIGN_IDENTITY[sdk=iphoneos*]" = "iPhone Developer";
				COPY_PHASE_STRIP = NO;
				DEBUG_INFORMATION_FORMAT = dwarf;
				ENABLE_STRICT_OBJC_MSGSEND = YES;
				ENABLE_TESTABILITY = YES;
				GCC_C_LANGUAGE_STANDARD = gnu99;
				GCC_DYNAMIC_NO_PIC = NO;
				GCC_NO_COMMON_BLOCKS = YES;
				GCC_OPTIMIZATION_LEVEL = 0;
				GCC_PREPROCESSOR_DEFINITIONS = (
					"DEBUG=1",
					"$(inherited)",
				);
				GCC_WARN_64_TO_32_BIT_CONVERSION = YES;
				GCC_WARN_ABOUT_RETURN_TYPE = YES_ERROR;
				GCC_WARN_UNDECLARED_SELECTOR = YES;
				GCC_WARN_UNINITIALIZED_AUTOS = YES_AGGRESSIVE;
				GCC_WARN_UNUSED_FUNCTION = YES;
				GCC_WARN_UNUSED_VARIABLE = YES;
				IPHONEOS_DEPLOYMENT_TARGET = 10.2;
				MTL_ENABLE_DEBUG_INFO = YES;
				ONLY_ACTIVE_ARCH = YES;
				SDKROOT = iphoneos;
			};
			name = Debug;
		};
		DE74C8B21E0D3CDA004F3AB3 /* Release */ = {
			isa = XCBuildConfiguration;
			buildSettings = {
				ALWAYS_SEARCH_USER_PATHS = NO;
				CLANG_ANALYZER_NONNULL = YES;
				CLANG_CXX_LANGUAGE_STANDARD = "gnu++0x";
				CLANG_CXX_LIBRARY = "libc++";
				CLANG_ENABLE_MODULES = YES;
				CLANG_ENABLE_OBJC_ARC = YES;
				CLANG_WARN_BOOL_CONVERSION = YES;
				CLANG_WARN_CONSTANT_CONVERSION = YES;
				CLANG_WARN_DIRECT_OBJC_ISA_USAGE = YES_ERROR;
				CLANG_WARN_DOCUMENTATION_COMMENTS = YES;
				CLANG_WARN_EMPTY_BODY = YES;
				CLANG_WARN_ENUM_CONVERSION = YES;
				CLANG_WARN_INFINITE_RECURSION = YES;
				CLANG_WARN_INT_CONVERSION = YES;
				CLANG_WARN_OBJC_ROOT_CLASS = YES_ERROR;
				CLANG_WARN_SUSPICIOUS_MOVE = YES;
				CLANG_WARN_UNREACHABLE_CODE = YES;
				CLANG_WARN__DUPLICATE_METHOD_MATCH = YES;
				"CODE_SIGN_IDENTITY[sdk=iphoneos*]" = "iPhone Developer";
				COPY_PHASE_STRIP = NO;
				DEBUG_INFORMATION_FORMAT = "dwarf-with-dsym";
				ENABLE_NS_ASSERTIONS = NO;
				ENABLE_STRICT_OBJC_MSGSEND = YES;
				GCC_C_LANGUAGE_STANDARD = gnu99;
				GCC_NO_COMMON_BLOCKS = YES;
				GCC_WARN_64_TO_32_BIT_CONVERSION = YES;
				GCC_WARN_ABOUT_RETURN_TYPE = YES_ERROR;
				GCC_WARN_UNDECLARED_SELECTOR = YES;
				GCC_WARN_UNINITIALIZED_AUTOS = YES_AGGRESSIVE;
				GCC_WARN_UNUSED_FUNCTION = YES;
				GCC_WARN_UNUSED_VARIABLE = YES;
				IPHONEOS_DEPLOYMENT_TARGET = 10.2;
				MTL_ENABLE_DEBUG_INFO = NO;
				SDKROOT = iphoneos;
				VALIDATE_PRODUCT = YES;
			};
			name = Release;
		};
		DE74C8B41E0D3CDA004F3AB3 /* Debug */ = {
			isa = XCBuildConfiguration;
			buildSettings = {
				ASSETCATALOG_COMPILER_APPICON_NAME = AppIcon;
				DEVELOPMENT_TEAM = 2S362SNNP3;
				INFOPLIST_FILE = YCUtils/Info.plist;
				IPHONEOS_DEPLOYMENT_TARGET = 8.0;
				LD_RUNPATH_SEARCH_PATHS = "$(inherited) @executable_path/Frameworks";
				PRODUCT_BUNDLE_IDENTIFIER = com.zoombin.YCUtils;
				PRODUCT_NAME = "$(TARGET_NAME)";
			};
			name = Debug;
		};
		DE74C8B51E0D3CDA004F3AB3 /* Release */ = {
			isa = XCBuildConfiguration;
			buildSettings = {
				ASSETCATALOG_COMPILER_APPICON_NAME = AppIcon;
				DEVELOPMENT_TEAM = 2S362SNNP3;
				INFOPLIST_FILE = YCUtils/Info.plist;
				IPHONEOS_DEPLOYMENT_TARGET = 8.0;
				LD_RUNPATH_SEARCH_PATHS = "$(inherited) @executable_path/Frameworks";
				PRODUCT_BUNDLE_IDENTIFIER = com.zoombin.YCUtils;
				PRODUCT_NAME = "$(TARGET_NAME)";
			};
			name = Release;
		};
/* End XCBuildConfiguration section */

/* Begin XCConfigurationList section */
		DE74C8811E0D3CD9004F3AB3 /* Build configuration list for PBXProject "YCUtils" */ = {
			isa = XCConfigurationList;
			buildConfigurations = (
				DE74C8B11E0D3CDA004F3AB3 /* Debug */,
				DE74C8B21E0D3CDA004F3AB3 /* Release */,
			);
			defaultConfigurationIsVisible = 0;
			defaultConfigurationName = Release;
		};
		DE74C8B31E0D3CDA004F3AB3 /* Build configuration list for PBXNativeTarget "YCUtils" */ = {
			isa = XCConfigurationList;
			buildConfigurations = (
				DE74C8B41E0D3CDA004F3AB3 /* Debug */,
				DE74C8B51E0D3CDA004F3AB3 /* Release */,
			);
			defaultConfigurationIsVisible = 0;
			defaultConfigurationName = Release;
		};
/* End XCConfigurationList section */
	};
	rootObject = DE74C87E1E0D3CD9004F3AB3 /* Project object */;
}
